
Microsoft Visual Studio Solution File, Format Version 12.00
# Visual Studio Version 16
VisualStudioVersion = 16.0.31410.357
MinimumVisualStudioVersion = 10.0.40219.1
Project("{FAE04EC0-301F-11D3-BF4B-00C04F79EFBC}") = "Create_table", "Create_table\Create_table.csproj", "{B189A898-7994-42F3-A8E2-4ED3A5F9C541}"
EndProject
Global
	GlobalSection(SolutionConfigurationPlatforms) = preSolution
		Debug|Any CPU = Debug|Any CPU
		Release|Any CPU = Release|Any CPU
	EndGlobalSection
	GlobalSection(ProjectConfigurationPlatforms) = postSolution
		{B189A898-7994-42F3-A8E2-4ED3A5F9C541}.Debug|Any CPU.ActiveCfg = Debug|Any CPU
		{B189A898-7994-42F3-A8E2-4ED3A5F9C541}.Debug|Any CPU.Build.0 = Debug|Any CPU
		{B189A898-7994-42F3-A8E2-4ED3A5F9C541}.Release|Any CPU.ActiveCfg = Release|Any CPU
		{B189A898-7994-42F3-A8E2-4ED3A5F9C541}.Release|Any CPU.Build.0 = Release|Any CPU
	EndGlobalSection
	GlobalSection(SolutionProperties) = preSolution
		HideSolutionNode = FALSE
	EndGlobalSection
	GlobalSection(ExtensibilityGlobals) = postSolution
		SolutionGuid = {03A36798-5333-4C66-A242-36F402522F56}
	EndGlobalSection
EndGlobal
